
Microsoft Visual Studio Solution File, Format Version 12.00
# Visual Studio Version 16
VisualStudioVersion = 16.0.30204.135
MinimumVisualStudioVersion = 10.0.40219.1
Project("{9A19103F-16F7-4668-BE54-9A1E7A4F7556}") = "ServerTCP", "ServerTCP.csproj", "{438FA68B-D20D-4BE8-8182-45FB72BFA7BB}"
EndProject
Project("{FAE04EC0-301F-11D3-BF4B-00C04F79EFBC}") = "ClientTCP", "..\ClientTCP\ClientTCP.csproj", "{28A6760C-5AD9-4CF6-A138-F3C06B122FEC}"
EndProject
Global
	GlobalSection(SolutionConfigurationPlatforms) = preSolution
		Debug|Any CPU = Debug|Any CPU
		Release|Any CPU = Release|Any CPU
	EndGlobalSection
	GlobalSection(ProjectConfigurationPlatforms) = postSolution
		{438FA68B-D20D-4BE8-8182-45FB72BFA7BB}.Debug|Any CPU.ActiveCfg = Debug|Any CPU
		{438FA68B-D20D-4BE8-8182-45FB72BFA7BB}.Debug|Any CPU.Build.0 = Debug|Any CPU
		{438FA68B-D20D-4BE8-8182-45FB72BFA7BB}.Release|Any CPU.ActiveCfg = Release|Any CPU
		{438FA68B-D20D-4BE8-8182-45FB72BFA7BB}.Release|Any CPU.Build.0 = Release|Any CPU
		{28A6760C-5AD9-4CF6-A138-F3C06B122FEC}.Debug|Any CPU.ActiveCfg = Debug|Any CPU
		{28A6760C-5AD9-4CF6-A138-F3C06B122FEC}.Debug|Any CPU.Build.0 = Debug|Any CPU
		{28A6760C-5AD9-4CF6-A138-F3C06B122FEC}.Release|Any CPU.ActiveCfg = Release|Any CPU
		{28A6760C-5AD9-4CF6-A138-F3C06B122FEC}.Release|Any CPU.Build.0 = Release|Any CPU
	EndGlobalSection
	GlobalSection(SolutionProperties) = preSolution
		HideSolutionNode = FALSE
	EndGlobalSection
	GlobalSection(ExtensibilityGlobals) = postSolution
		SolutionGuid = {E3D70713-258D-4EF2-9AEA-9470095CEE37}
	EndGlobalSection
EndGlobal
